Microsoft Visual Studio Solution File, Format Version 12.00
# Visual Studio 2012
Project("{FAE04EC0-301F-11D3-BF4B-00C04F79EFBC}") = "body", "body.csproj", "{99A0D154-1FF8-42EA-9D38-19B38C60CBBD}"
EndProject
Global
	GlobalSection(SolutionConfigurationPlatforms) = preSolution
	Debug|Any CPU = Debug|Any CPU
	ExportDebug|Any CPU = ExportDebug|Any CPU
	ExportRelease|Any CPU = ExportRelease|Any CPU
	EndGlobalSection
	GlobalSection(ProjectConfigurationPlatforms) = postSolution
		{99A0D154-1FF8-42EA-9D38-19B38C60CBBD}.Debug|Any CPU.ActiveCfg = Debug|Any CPU
		{99A0D154-1FF8-42EA-9D38-19B38C60CBBD}.Debug|Any CPU.Build.0 = Debug|Any CPU
		{99A0D154-1FF8-42EA-9D38-19B38C60CBBD}.ExportDebug|Any CPU.ActiveCfg = ExportDebug|Any CPU
		{99A0D154-1FF8-42EA-9D38-19B38C60CBBD}.ExportDebug|Any CPU.Build.0 = ExportDebug|Any CPU
		{99A0D154-1FF8-42EA-9D38-19B38C60CBBD}.ExportRelease|Any CPU.ActiveCfg = ExportRelease|Any CPU
		{99A0D154-1FF8-42EA-9D38-19B38C60CBBD}.ExportRelease|Any CPU.Build.0 = ExportRelease|Any CPU
	EndGlobalSection
EndGlobal
