Microsoft Visual Studio Solution File, Format Version 12.00
# Visual Studio 2012
Project("{FAE04EC0-301F-11D3-BF4B-00C04F79EFBC}") = "Dodge", "Dodge.csproj", "{BF23CC85-4BA6-4947-AC8A-2861AC81C572}"
EndProject
Global
	GlobalSection(SolutionConfigurationPlatforms) = preSolution
	Debug|Any CPU = Debug|Any CPU
	ExportDebug|Any CPU = ExportDebug|Any CPU
	ExportRelease|Any CPU = ExportRelease|Any CPU
	EndGlobalSection
	GlobalSection(ProjectConfigurationPlatforms) = postSolution
		{BF23CC85-4BA6-4947-AC8A-2861AC81C572}.Debug|Any CPU.ActiveCfg = Debug|Any CPU
		{BF23CC85-4BA6-4947-AC8A-2861AC81C572}.Debug|Any CPU.Build.0 = Debug|Any CPU
		{BF23CC85-4BA6-4947-AC8A-2861AC81C572}.ExportDebug|Any CPU.ActiveCfg = ExportDebug|Any CPU
		{BF23CC85-4BA6-4947-AC8A-2861AC81C572}.ExportDebug|Any CPU.Build.0 = ExportDebug|Any CPU
		{BF23CC85-4BA6-4947-AC8A-2861AC81C572}.ExportRelease|Any CPU.ActiveCfg = ExportRelease|Any CPU
		{BF23CC85-4BA6-4947-AC8A-2861AC81C572}.ExportRelease|Any CPU.Build.0 = ExportRelease|Any CPU
	EndGlobalSection
EndGlobal
